
Microsoft Visual Studio Solution File, Format Version 12.00
# Visual Studio Version 17
VisualStudioVersion = 17.14.36408.4
MinimumVisualStudioVersion = 10.0.40219.1
Project("{FAE04EC0-301F-11D3-BF4B-00C04F79EFBC}") = "DWAP", "DWAP.csproj", "{892C0C24-C0A8-B4D9-EA15-42F1EF37A032}"
EndProject
Project("{FAE04EC0-301F-11D3-BF4B-00C04F79EFBC}") = "DWAP.Desktop", "..\DWAP.Desktop\DWAP.Desktop.csproj", "{BA117FD6-3CD4-09D3-448C-2647C4921340}"
EndProject
Project("{FAE04EC0-301F-11D3-BF4B-00C04F79EFBC}") = "Archipelago.Core", "..\..\..\Archipelago.Core\Archipelago.Core.csproj", "{55C31BA8-27C2-D2E7-C7FB-EED2A858D5A3}"
EndProject
Global
	GlobalSection(SolutionConfigurationPlatforms) = preSolution
		Debug|Any CPU = Debug|Any CPU
		Release|Any CPU = Release|Any CPU
	EndGlobalSection
	GlobalSection(ProjectConfigurationPlatforms) = postSolution
		{892C0C24-C0A8-B4D9-EA15-42F1EF37A032}.Debug|Any CPU.ActiveCfg = Debug|Any CPU
		{892C0C24-C0A8-B4D9-EA15-42F1EF37A032}.Debug|Any CPU.Build.0 = Debug|Any CPU
		{892C0C24-C0A8-B4D9-EA15-42F1EF37A032}.Release|Any CPU.ActiveCfg = Release|Any CPU
		{892C0C24-C0A8-B4D9-EA15-42F1EF37A032}.Release|Any CPU.Build.0 = Release|Any CPU
		{BA117FD6-3CD4-09D3-448C-2647C4921340}.Debug|Any CPU.ActiveCfg = Debug|Any CPU
		{BA117FD6-3CD4-09D3-448C-2647C4921340}.Debug|Any CPU.Build.0 = Debug|Any CPU
		{BA117FD6-3CD4-09D3-448C-2647C4921340}.Release|Any CPU.ActiveCfg = Release|Any CPU
		{BA117FD6-3CD4-09D3-448C-2647C4921340}.Release|Any CPU.Build.0 = Release|Any CPU
		{55C31BA8-27C2-D2E7-C7FB-EED2A858D5A3}.Debug|Any CPU.ActiveCfg = Debug|Any CPU
		{55C31BA8-27C2-D2E7-C7FB-EED2A858D5A3}.Debug|Any CPU.Build.0 = Debug|Any CPU
		{55C31BA8-27C2-D2E7-C7FB-EED2A858D5A3}.Release|Any CPU.ActiveCfg = Release|Any CPU
		{55C31BA8-27C2-D2E7-C7FB-EED2A858D5A3}.Release|Any CPU.Build.0 = Release|Any CPU
	EndGlobalSection
	GlobalSection(SolutionProperties) = preSolution
		HideSolutionNode = FALSE
	EndGlobalSection
	GlobalSection(ExtensibilityGlobals) = postSolution
		SolutionGuid = {0C38086D-480E-41FE-BB3F-E036A6A324BD}
	EndGlobalSection
EndGlobal
